
Microsoft Visual Studio Solution File, Format Version 9.00
# Visual Studio 2005
Project("{FAE04EC0-301F-11D3-BF4B-00C04F79EFBC}") = "QLCHS", "QLCHS\QLCHS.csproj", "{A2BE5C96-F75E-42CF-8948-FB7245C4C255}"
EndProject
Global
	GlobalSection(SolutionConfigurationPlatforms) = preSolution
		Debug|Any CPU = Debug|Any CPU
		Release|Any CPU = Release|Any CPU
	EndGlobalSection
	GlobalSection(ProjectConfigurationPlatforms) = postSolution
		{A2BE5C96-F75E-42CF-8948-FB7245C4C255}.Debug|Any CPU.ActiveCfg = Debug|Any CPU
		{A2BE5C96-F75E-42CF-8948-FB7245C4C255}.Debug|Any CPU.Build.0 = Debug|Any CPU
		{A2BE5C96-F75E-42CF-8948-FB7245C4C255}.Release|Any CPU.ActiveCfg = Release|Any CPU
		{A2BE5C96-F75E-42CF-8948-FB7245C4C255}.Release|Any CPU.Build.0 = Release|Any CPU
	EndGlobalSection
	GlobalSection(SolutionProperties) = preSolution
		HideSolutionNode = FALSE
	EndGlobalSection
EndGlobal
